{
  "originHash" : "1562c07ee4273f358f3322460bd02550978ff742b06f5a2a3edde31acd01098c",
  "pins" : [
    {
      "identity" : "ffmpegbuild",
      "kind" : "remoteSourceControl",
      "location" : "https://github.com/superuser404notfound/FFmpegBuild",
      "state" : {
        "branch" : "main",
        "revision" : "c07f908748d8c5ec3516d0fc1d0988f3988c70a0"
      }
    }
  ],
  "version" : 3
}
